
Microsoft Visual Studio Solution File, Format Version 12.00
# Visual Studio Version 17
VisualStudioVersion = 17.4.33122.133
MinimumVisualStudioVersion = 10.0.40219.1
Project("{9A19103F-16F7-4668-BE54-9A1E7A4F7556}") = "CuentaVotos", "CuentaVotos.csproj", "{4FD477E9-343C-4860-850C-2EA3B5140A32}"
EndProject
Project("{9A19103F-16F7-4668-BE54-9A1E7A4F7556}") = "CuentaVotos.Core", "..\CuentaVotos.Core\CuentaVotos.Core.csproj", "{8E556D01-1C16-47AE-935D-C9ABE46B000C}"
EndProject
Project("{9A19103F-16F7-4668-BE54-9A1E7A4F7556}") = "CuentaVotos.Services", "..\CuentaVotos.Services\CuentaVotos.Services.csproj", "{E4454302-41E0-4D91-BD26-84C7502527B2}"
EndProject
Project("{9A19103F-16F7-4668-BE54-9A1E7A4F7556}") = "CuentaVostos.Entities", "..\CuentaVostos.Entities\CuentaVostos.Entities.csproj", "{A8957558-641D-4F1D-B7D5-FE0EAB158ABD}"
EndProject
Project("{9A19103F-16F7-4668-BE54-9A1E7A4F7556}") = "CuentaVotos.Data.LiteDb", "..\CuentaVotos.Data.LiteDb\CuentaVotos.Data.LiteDb.csproj", "{75680435-9FD7-4BA4-974D-CB3A6C7C17B1}"
EndProject
Project("{9A19103F-16F7-4668-BE54-9A1E7A4F7556}") = "CuentaVotos.Repository", "..\CuentaVotos.Repository\CuentaVotos.Repository.csproj", "{F89D9258-DE3C-4EC6-A3F0-00310E7F26F0}"
EndProject
Global
	GlobalSection(SolutionConfigurationPlatforms) = preSolution
		Debug|Any CPU = Debug|Any CPU
		Release|Any CPU = Release|Any CPU
	EndGlobalSection
	GlobalSection(ProjectConfigurationPlatforms) = postSolution
		{4FD477E9-343C-4860-850C-2EA3B5140A32}.Debug|Any CPU.ActiveCfg = Debug|Any CPU
		{4FD477E9-343C-4860-850C-2EA3B5140A32}.Debug|Any CPU.Build.0 = Debug|Any CPU
		{4FD477E9-343C-4860-850C-2EA3B5140A32}.Release|Any CPU.ActiveCfg = Release|Any CPU
		{4FD477E9-343C-4860-850C-2EA3B5140A32}.Release|Any CPU.Build.0 = Release|Any CPU
		{8E556D01-1C16-47AE-935D-C9ABE46B000C}.Debug|Any CPU.ActiveCfg = Debug|Any CPU
		{8E556D01-1C16-47AE-935D-C9ABE46B000C}.Debug|Any CPU.Build.0 = Debug|Any CPU
		{8E556D01-1C16-47AE-935D-C9ABE46B000C}.Release|Any CPU.ActiveCfg = Release|Any CPU
		{8E556D01-1C16-47AE-935D-C9ABE46B000C}.Release|Any CPU.Build.0 = Release|Any CPU
		{E4454302-41E0-4D91-BD26-84C7502527B2}.Debug|Any CPU.ActiveCfg = Debug|Any CPU
		{E4454302-41E0-4D91-BD26-84C7502527B2}.Debug|Any CPU.Build.0 = Debug|Any CPU
		{E4454302-41E0-4D91-BD26-84C7502527B2}.Release|Any CPU.ActiveCfg = Release|Any CPU
		{E4454302-41E0-4D91-BD26-84C7502527B2}.Release|Any CPU.Build.0 = Release|Any CPU
		{A8957558-641D-4F1D-B7D5-FE0EAB158ABD}.Debug|Any CPU.ActiveCfg = Debug|Any CPU
		{A8957558-641D-4F1D-B7D5-FE0EAB158ABD}.Debug|Any CPU.Build.0 = Debug|Any CPU
		{A8957558-641D-4F1D-B7D5-FE0EAB158ABD}.Release|Any CPU.ActiveCfg = Release|Any CPU
		{A8957558-641D-4F1D-B7D5-FE0EAB158ABD}.Release|Any CPU.Build.0 = Release|Any CPU
		{75680435-9FD7-4BA4-974D-CB3A6C7C17B1}.Debug|Any CPU.ActiveCfg = Debug|Any CPU
		{75680435-9FD7-4BA4-974D-CB3A6C7C17B1}.Debug|Any CPU.Build.0 = Debug|Any CPU
		{75680435-9FD7-4BA4-974D-CB3A6C7C17B1}.Release|Any CPU.ActiveCfg = Release|Any CPU
		{75680435-9FD7-4BA4-974D-CB3A6C7C17B1}.Release|Any CPU.Build.0 = Release|Any CPU
		{F89D9258-DE3C-4EC6-A3F0-00310E7F26F0}.Debug|Any CPU.ActiveCfg = Debug|Any CPU
		{F89D9258-DE3C-4EC6-A3F0-00310E7F26F0}.Debug|Any CPU.Build.0 = Debug|Any CPU
		{F89D9258-DE3C-4EC6-A3F0-00310E7F26F0}.Release|Any CPU.ActiveCfg = Release|Any CPU
		{F89D9258-DE3C-4EC6-A3F0-00310E7F26F0}.Release|Any CPU.Build.0 = Release|Any CPU
	EndGlobalSection
	GlobalSection(SolutionProperties) = preSolution
		HideSolutionNode = FALSE
	EndGlobalSection
	GlobalSection(ExtensibilityGlobals) = postSolution
		SolutionGuid = {4B6AD31A-9EDF-49DD-8C6E-8EBAE3DEC423}
	EndGlobalSection
EndGlobal
